
Microsoft Visual Studio Solution File, Format Version 12.00
# Visual Studio Version 17
VisualStudioVersion = 17.6.33829.357
MinimumVisualStudioVersion = 10.0.40219.1
Project("{FAE04EC0-301F-11D3-BF4B-00C04F79EFBC}") = "WebDriverPhelps", "WebDriverPhelps\WebDriverPhelps.csproj", "{34A2DE30-A46E-4F03-8E7D-90E73E8E7EF7}"
EndProject
Global
	GlobalSection(SolutionConfigurationPlatforms) = preSolution
		Debug|Any CPU = Debug|Any CPU
		Release|Any CPU = Release|Any CPU
	EndGlobalSection
	GlobalSection(ProjectConfigurationPlatforms) = postSolution
		{34A2DE30-A46E-4F03-8E7D-90E73E8E7EF7}.Debug|Any CPU.ActiveCfg = Debug|Any CPU
		{34A2DE30-A46E-4F03-8E7D-90E73E8E7EF7}.Debug|Any CPU.Build.0 = Debug|Any CPU
		{34A2DE30-A46E-4F03-8E7D-90E73E8E7EF7}.Release|Any CPU.ActiveCfg = Release|Any CPU
		{34A2DE30-A46E-4F03-8E7D-90E73E8E7EF7}.Release|Any CPU.Build.0 = Release|Any CPU
	EndGlobalSection
	GlobalSection(SolutionProperties) = preSolution
		HideSolutionNode = FALSE
	EndGlobalSection
	GlobalSection(ExtensibilityGlobals) = postSolution
		SolutionGuid = {2292CB6F-9CC1-43D9-8072-7091FA30FD33}
	EndGlobalSection
EndGlobal
